{
  "version": "5",
  "specifiers": {
    "jsr:@oazmi/esbuild-plugin-deno@~0.4.1": "0.4.5",
    "jsr:@oazmi/esbuild-types@0.27.0": "0.27.0",
    "jsr:@oazmi/kitchensink@0.9.15": "0.9.15",
    "jsr:@std/assert@^1.0.15": "1.0.19",
    "jsr:@std/assert@^1.0.19": "1.0.19",
    "jsr:@std/async@^1.4.0": "1.4.0",
    "jsr:@std/cli@^1.0.30": "1.0.30",
    "jsr:@std/data-structures@^1.1.0": "1.1.0",
    "jsr:@std/encoding@^1.0.10": "1.0.10",
    "jsr:@std/fmt@^1.0.10": "1.0.10",
    "jsr:@std/fs@^1.0.18": "1.0.24",
    "jsr:@std/fs@^1.0.24": "1.0.24",
    "jsr:@std/html@^1.0.7": "1.0.7",
    "jsr:@std/http@^1.0.19": "1.1.1",
    "jsr:@std/internal@^1.0.12": "1.0.14",
    "jsr:@std/internal@^1.0.14": "1.0.14",
    "jsr:@std/media-types@^1.1.0": "1.1.0",
    "jsr:@std/net@^1.0.6": "1.0.6",
    "jsr:@std/path@^1.1.0": "1.1.5",
    "jsr:@std/path@^1.1.5": "1.1.5",
    "jsr:@std/streams@^1.1.1": "1.1.1",
    "jsr:@std/testing@^1.0.16": "1.0.19",
    "jsr:@std/ulid@1": "1.0.0",
    "npm:@jsr/oazmi__esbuild-plugin-deno@~0.4.1": "0.4.5",
    "npm:@jsr/std__assert@^1.0.15": "1.0.19",
    "npm:@jsr/std__fs@^1.0.18": "1.0.24",
    "npm:@jsr/std__http@^1.0.19": "1.1.1",
    "npm:@jsr/std__path@^1.1.0": "1.1.5",
    "npm:@jsr/std__testing@^1.0.16": "1.0.19",
    "npm:@jsr/std__ulid@1": "1.0.0",
    "npm:@nanostores/persistent@^1.3.4": "1.3.4_nanostores@1.3.0",
    "npm:@nanostores/preact@^1.1.0": "1.1.0_nanostores@1.3.0_preact@10.29.2",
    "npm:@types/node@*": "26.0.1",
    "npm:@types/node@^26.0.1": "26.0.1",
    "npm:@types/web-bluetooth@^0.0.21": "0.0.21",
    "npm:nanostores@^1.3.0": "1.3.0",
    "npm:preact@^10.29.2": "10.29.2",
    "npm:workbox-core@^7.4.1": "7.4.1",
    "npm:workbox-expiration@^7.4.1": "7.4.1",
    "npm:workbox-routing@^7.4.1": "7.4.1",
    "npm:workbox-strategies@^7.4.1": "7.4.1",
    "npm:wouter-preact@^3.10.0": "3.10.0_preact@10.29.2"
  },
  "jsr": {
    "@oazmi/esbuild-plugin-deno@0.4.5": {
      "integrity": "e3171fdb4194f38fe824a3cf24535942e6a4bb36ac597a721949301faff033bb",
      "dependencies": [
        "jsr:@oazmi/esbuild-types",
        "jsr:@oazmi/kitchensink"
      ]
    },
    "@oazmi/esbuild-types@0.27.0": {
      "integrity": "322850b450f06acae5b59b74258865e01e4663caf1d2637f3471cd828f0f376d"
    },
    "@oazmi/kitchensink@0.9.15": {
      "integrity": "01fce611fb67dfe100aaf0e98ac3a039c47b84cf01dd299c0b3647bff88c3d86"
    },
    "@std/assert@1.0.19": {
      "integrity": "eaada96ee120cb980bc47e040f82814d786fe8162ecc53c91d8df60b8755991e",
      "dependencies": [
        "jsr:@std/internal@^1.0.12"
      ]
    },
    "@std/async@1.4.0": {
      "integrity": "4d70b008634f571cff9b554090d628c76141c32613aae0ff283fd5fa23d0c379"
    },
    "@std/cli@1.0.30": {
      "integrity": "769446536522d0417d7127ebcabcafac1ab0ce6766d0eb3fca1d36326fe98d13"
    },
    "@std/data-structures@1.1.0": {
      "integrity": "c35ae4ad5d8e41a38573c2fe3e19b18ea2505f63cfea201edcb8720aca1f7f58"
    },
    "@std/encoding@1.0.10": {
      "integrity": "8783c6384a2d13abd5e9e87a7ae0520a30e9f56aeeaa3bdf910a3eaaf5c811a1"
    },
    "@std/fmt@1.0.10": {
      "integrity": "90dfba288802ac6de82fb31d0917eb9e4450b9925b954d5e51fc29ac07419db5"
    },
    "@std/fs@1.0.24": {
      "integrity": "f3061b45b81673a2bece689da041df32d174be064c89eb6397fb5718d3fb7877",
      "dependencies": [
        "jsr:@std/internal@^1.0.14",
        "jsr:@std/path@^1.1.5"
      ]
    },
    "@std/html@1.0.7": {
      "integrity": "175c818905a6e75743c69c251395e273d82698e58cfe7dd76268d70e28b8d8fe"
    },
    "@std/http@1.1.1": {
      "integrity": "e343a9a80aea07c716b91be5c79df764144430ad2dd7c9121ed7443f08dc74f7",
      "dependencies": [
        "jsr:@std/cli",
        "jsr:@std/encoding",
        "jsr:@std/fmt",
        "jsr:@std/fs@^1.0.24",
        "jsr:@std/html",
        "jsr:@std/media-types",
        "jsr:@std/net",
        "jsr:@std/path@^1.1.5",
        "jsr:@std/streams"
      ]
    },
    "@std/internal@1.0.14": {
      "integrity": "291516b3d4c35024d6ffbc0a9df5bf4c64116e05b50012cf846710152d2ffdf7"
    },
    "@std/media-types@1.1.0": {
      "integrity": "c9d093f0c05c3512932b330e3cc1fe1d627b301db33a4c2c2185c02471d6eaa4"
    },
    "@std/net@1.0.6": {
      "integrity": "110735f93e95bb9feb95790a8b1d1bf69ec0dc74f3f97a00a76ea5efea25500c"
    },
    "@std/path@1.1.5": {
      "integrity": "ccea00982ea28c36becaf6e62f855406c76a8c32d462f66f415bbb7d83a271bc",
      "dependencies": [
        "jsr:@std/internal@^1.0.14"
      ]
    },
    "@std/streams@1.1.1": {
      "integrity": "92556d350e537e9dce527a6d08f6f15be3ff65e656079dea69d15252187c7613"
    },
    "@std/testing@1.0.19": {
      "integrity": "f4236172365b216728dc3cc8b5e80a9f4c33083d1e4ede7613d5b25b4014898e",
      "dependencies": [
        "jsr:@std/assert@^1.0.19",
        "jsr:@std/async",
        "jsr:@std/data-structures",
        "jsr:@std/fs@^1.0.24",
        "jsr:@std/internal@^1.0.14",
        "jsr:@std/path@^1.1.5"
      ]
    },
    "@std/ulid@1.0.0": {
      "integrity": "d41c3d27a907714413649fee864b7cde8d42ee68437d22b79d5de4f81d808780"
    }
  },
  "npm": {
    "@jsr/oazmi__esbuild-plugin-deno@0.4.5": {
      "integrity": "sha512-iRp1iCC/w2OEr6RlZydUR+11ICL4dM+cr3yjUU1soV2RyT7LtutUYE21ChXOa7qJUXQzwhyrsQ6xTgHrzY2sMg==",
      "dependencies": [
        "@jsr/oazmi__esbuild-types",
        "@jsr/oazmi__kitchensink"
      ],
      "tarball": "https://npm.jsr.io/~/11/@jsr/oazmi__esbuild-plugin-deno/0.4.5.tgz"
    },
    "@jsr/oazmi__esbuild-types@0.27.0": {
      "integrity": "sha512-tBaeN4+2t+6C/Zio9LV2GioPi7P9g+2xKh1K8ZUrpvmeOr3ePF9z+kCoQVWynXKV2oqtDMDSacTWs4OBrU/DsQ==",
      "tarball": "https://npm.jsr.io/~/11/@jsr/oazmi__esbuild-types/0.27.0.tgz"
    },
    "@jsr/oazmi__kitchensink@0.9.15": {
      "integrity": "sha512-9AsBEiSFKMrt05DjFApqNVEuQtOzee414aUR0M8jK8MgPZnQowgbVMPwT/+TmLCFTQsIPI6ySoaVfwIkza33uw==",
      "tarball": "https://npm.jsr.io/~/11/@jsr/oazmi__kitchensink/0.9.15.tgz"
    },
    "@jsr/std__assert@1.0.19": {
      "integrity": "sha512-pEj6RPkGbqlgRmyKwATp4cUs6+ijxtdrv3bq8v1d2I2CEcMEyPaO8cVKro61wGRDH4cNg8Zx6haztvK/9m7gkA==",
      "dependencies": [
        "@jsr/std__internal"
      ],
      "tarball": "https://npm.jsr.io/~/11/@jsr/std__assert/1.0.19.tgz"
    },
    "@jsr/std__async@1.4.0": {
      "integrity": "sha512-epQ5wsMrnAxeVtzmO9VviX14siVOSvF2o5dAm9qa6ajdWnWrrQ/oup7/Z2ctAOaxSOJbDWrfhgsenzHsODAogw==",
      "dependencies": [
        "@jsr/std__data-structures"
      ],
      "tarball": "https://npm.jsr.io/~/11/@jsr/std__async/1.4.0.tgz"
    },
    "@jsr/std__bytes@1.0.6": {
      "integrity": "sha512-St6yKggjFGhxS52IFLJWvkchRFbAKg2Xh8UxA4S1EGz7GJ2Ui+ssDDldj/w2c8vCxvl6qgR0HaYbKeFJNqujmA==",
      "tarball": "https://npm.jsr.io/~/11/@jsr/std__bytes/1.0.6.tgz"
    },
    "@jsr/std__cli@1.0.30": {
      "integrity": "sha512-gUyOgCTz2dqRBqtoq6SdpjndffbQdG27+AlpxfXaD/va4MUTfM2VKDQQQTNdqtcAEzDk50bZYKZTmw4f1WLVkA==",
      "dependencies": [
        "@jsr/std__fmt",
        "@jsr/std__internal"
      ],
      "tarball": "https://npm.jsr.io/~/11/@jsr/std__cli/1.0.30.tgz"
    },
    "@jsr/std__data-structures@1.1.0": {
      "integrity": "sha512-V/Lrzz3ZBT2ps09SbUuQKIDQ0Ac7qTTloCFNNF7r2MNoIzdz3xsW9+Vd+ZzgXFKdm46+XqBmkv0lpW/HzgRQfg==",
      "dependencies": [
        "@jsr/std__assert"
      ],
      "tarball": "https://npm.jsr.io/~/11/@jsr/std__data-structures/1.1.0.tgz"
    },
    "@jsr/std__encoding@1.0.10": {
      "integrity": "sha512-WK2njnDTyKefroRNk2Ooq7GStp6Y0ccAvr4To+Z/zecRAGe7+OSvH9DbiaHpAKwEi2KQbmpWMOYsdNt+TsdmSw==",
      "tarball": "https://npm.jsr.io/~/11/@jsr/std__encoding/1.0.10.tgz"
    },
    "@jsr/std__fmt@1.0.10": {
      "integrity": "sha512-Q2N8XDNkh/c1IKTi+sO4Vm64M5m4W0o47qTURmMX0vgHm9AJ6jL7jEQ2kw0M1T2rBZiwAY78eUbYzFyOYWaCqQ==",
      "tarball": "https://npm.jsr.io/~/11/@jsr/std__fmt/1.0.10.tgz"
    },
    "@jsr/std__fs@1.0.24": {
      "integrity": "sha512-UunW2Rg++9sA74NJnYMGTsMVQgoFRAwPP02wRRohL0PQBNorbyxHiyCMRaxYQCtLepTLkC4nUyMtcwrGKqTR6g==",
      "dependencies": [
        "@jsr/std__internal",
        "@jsr/std__path"
      ],
      "tarball": "https://npm.jsr.io/~/11/@jsr/std__fs/1.0.24.tgz"
    },
    "@jsr/std__html@1.0.7": {
      "integrity": "sha512-GtiN92YolMLr3YGtuqkejQCclff+tSYvnHhJorSjw/C9OG+ua+zwpRA/Xcsvfe+otI/dCT4PcNEub6XzBTUNsA==",
      "tarball": "https://npm.jsr.io/~/11/@jsr/std__html/1.0.7.tgz"
    },
    "@jsr/std__http@1.1.1": {
      "integrity": "sha512-91RpW5pwteEezpiJ3CrDhpUApJ/WqMXir7oQxQSe353t6/cbh5WvaU86otMlMu7v7rzcOz+4MbGoIWyqvsT3qw==",
      "dependencies": [
        "@jsr/std__cli",
        "@jsr/std__encoding",
        "@jsr/std__fmt",
        "@jsr/std__fs",
        "@jsr/std__html",
        "@jsr/std__media-types",
        "@jsr/std__net",
        "@jsr/std__path",
        "@jsr/std__streams"
      ],
      "tarball": "https://npm.jsr.io/~/11/@jsr/std__http/1.1.1.tgz"
    },
    "@jsr/std__internal@1.0.14": {
      "integrity": "sha512-JT8b/t40WcR9q0GDwRZUooY7aXeXnFal8iidE/5TckdAFtvpVAsaJ71/Xgf1SfoChs41s6CZkuCYM8toaNgdvA==",
      "tarball": "https://npm.jsr.io/~/11/@jsr/std__internal/1.0.14.tgz"
    },
    "@jsr/std__media-types@1.1.0": {
      "integrity": "sha512-dHvaxHL7ENWnltgL653uo3KnKFse3ZbopZop2gqsT7yrscx7irZEClu5Cba7gMPPRk4Lg1FbriNcaBViM2RSBw==",
      "tarball": "https://npm.jsr.io/~/11/@jsr/std__media-types/1.1.0.tgz"
    },
    "@jsr/std__net@1.0.6": {
      "integrity": "sha512-mh27Fw4UMCjGSIMoOhjia5cS5fNP9M9DZYhGB7EYSZNnzf/eguFiarii/W4oDwYMmnxCMouUzhc6Y7jFuwTzcg==",
      "tarball": "https://npm.jsr.io/~/11/@jsr/std__net/1.0.6.tgz"
    },
    "@jsr/std__path@1.1.5": {
      "integrity": "sha512-3z/0rfvMEz6qiiaZ3quFpEv8BbWQgcpd+ASX29WEdecyJsdPN9uViQf1VxIua265cmGCdICk0WghMjGFoNZ5Ig==",
      "dependencies": [
        "@jsr/std__internal"
      ],
      "tarball": "https://npm.jsr.io/~/11/@jsr/std__path/1.1.5.tgz"
    },
    "@jsr/std__streams@1.1.1": {
      "integrity": "sha512-V9auR/i6gJz6SR1+h5wc4EN42IC5+ObBjXu/h7Buef7UOE0GtX4vRSx+3MJywEiBcJqQC+lCnf+wBAodvBL1SA==",
      "dependencies": [
        "@jsr/std__bytes"
      ],
      "tarball": "https://npm.jsr.io/~/11/@jsr/std__streams/1.1.1.tgz"
    },
    "@jsr/std__testing@1.0.19": {
      "integrity": "sha512-maQIRFWIcTTWB7ITYIVbql1Q3KA9AsgR4/Ep2SfEq65V2SxQq52iLcFxuvX0azRp1leBCb8mBUXZr389SajY7Q==",
      "dependencies": [
        "@jsr/std__assert",
        "@jsr/std__async",
        "@jsr/std__data-structures",
        "@jsr/std__fs",
        "@jsr/std__internal",
        "@jsr/std__path"
      ],
      "tarball": "https://npm.jsr.io/~/11/@jsr/std__testing/1.0.19.tgz"
    },
    "@jsr/std__ulid@1.0.0": {
      "integrity": "sha512-RvVolUwRoFtoSuYZROBmhCYEIuI4xsxeHjGGbJQZVDCBnDBJwfm16vOJyE1Va9+BnTl1iW7o1nCloBI+EQAWVg==",
      "tarball": "https://npm.jsr.io/~/11/@jsr/std__ulid/1.0.0.tgz"
    },
    "@nanostores/persistent@1.3.4_nanostores@1.3.0": {
      "integrity": "sha512-fZ42MOredSkqt450XrPxmQ94pSRPTas/rBUVCvEEMCR+rIp8bdo/xoaFFcG2cwpqAzA164PdD6p3D+MXLJYumw==",
      "dependencies": [
        "nanostores"
      ]
    },
    "@nanostores/preact@1.1.0_nanostores@1.3.0_preact@10.29.2": {
      "integrity": "sha512-oiu9z85AiZlBTKJ8YsfAs8TALpDij70LmmKuRkeF22rS9zUBhVtYDWXEvV1qUUStNNwSFdhTMkwzOYL/IsA+UA==",
      "dependencies": [
        "nanostores",
        "preact"
      ]
    },
    "@types/node@26.0.1": {
      "integrity": "sha512-fc3KiUoBt6kie0N9bIW3E47vZsuaMf0PM2AaUpLCLT0s/LvX1nxAim6Fc049cNxODPpGm6qRAuUOB86SkRuPQw==",
      "dependencies": [
        "undici-types"
      ]
    },
    "@types/web-bluetooth@0.0.21": {
      "integrity": "sha512-oIQLCGWtcFZy2JW77j9k8nHzAOpqMHLQejDA48XXMWH6tjCQHz5RCFz1bzsmROyL6PUm+LLnUiI4BCn221inxA=="
    },
    "idb@7.1.1": {
      "integrity": "sha512-gchesWBzyvGHRO9W8tzUWFDycow5gwjvFKfyV9FF32Y7F50yZMp7mP+T2mJIWFx49zicqyC4uefHM17o6xKIVQ=="
    },
    "mitt@3.0.1": {
      "integrity": "sha512-vKivATfr97l2/QBCYAkXYDbrIWPM2IIKEl7YPhjCvKlG3kE2gm+uBo6nEXK3M5/Ffh/FLpKExzOQ3JJoJGFKBw=="
    },
    "nanostores@1.3.0": {
      "integrity": "sha512-XPUa/jz+P1oJvN9VBxw4L9MtdFfaH3DAryqPssqhb2kXjmb9npz0dly6rCsgFWOPr4Yg9mTfM3MDZgZZ+7A3lA=="
    },
    "preact@10.29.2": {
      "integrity": "sha512-7tNmwg/7mzzAoB/8kSg6Hl37JraAZw3Z3A0JSY7VXlZwo82Xn0G7wKbNNs2qoF4ZEEsQGTwDAroNdqKs1ofJxQ=="
    },
    "regexparam@3.0.0": {
      "integrity": "sha512-RSYAtP31mvYLkAHrOlh25pCNQ5hWnT106VukGaaFfuJrZFkGRX5GhUAdPqpSDXxOhA2c4akmRuplv1mRqnBn6Q=="
    },
    "undici-types@8.3.0": {
      "integrity": "sha512-j375ScV60dom+YkPFIfTLcOiPxkN/buHz5GobjLhixFuANaNs3C9l4GmrWqejgXWJ7BbJcFYpTEUkS1Ge8bpZQ=="
    },
    "workbox-core@7.4.1": {
      "integrity": "sha512-DT+vu46eh/2vRsSHTY4Xmc32Z1rr9PRlQUXr1Dx30ZuXRWwOsvZgGgcwxcasubQLQmbTNYZjv44LkBAQ4tT5tQ=="
    },
    "workbox-expiration@7.4.1": {
      "integrity": "sha512-lRKUF7b+OGbeXkQk1s6MHXOa3d7Xxf7Of31W6c6hCfipfIyrtdWZ89stq21AHZMaoG7VNFoHply4Ox+rU31TWg==",
      "dependencies": [
        "idb",
        "workbox-core"
      ]
    },
    "workbox-routing@7.4.1": {
      "integrity": "sha512-yubJGErZOusuidAenaL5ypfhQOa7urxP/f8E0ws7FPb4039RiWXUWBAyUkmUoOL/BcQGen3h0J8872d51IYxtA==",
      "dependencies": [
        "workbox-core"
      ]
    },
    "workbox-strategies@7.4.1": {
      "integrity": "sha512-GZxpaw9NbmOelj7667uZ2kpk5BFpOGbO4X0qjwh5ls8XQ8C+Lha5LQchTiUzsTFSS+NlUpftYAyOVXvQUrcqOQ==",
      "dependencies": [
        "workbox-core"
      ]
    },
    "wouter-preact@3.10.0_preact@10.29.2": {
      "integrity": "sha512-4a1kd1XX2N1APGOSNXwTNKr0Jgsl1vIdvuyZ+MGlPfZs3uXmDSz70kUfDa8+2O3MXhZNaEa1c6mHzSihdtdpiw==",
      "dependencies": [
        "mitt",
        "preact",
        "regexparam"
      ]
    }
  },
  "remote": {
    "https://deno.land/x/denoflate@1.2.1/mod.ts": "f5628e44b80b3d80ed525afa2ba0f12408e3849db817d47a883b801f9ce69dd6",
    "https://deno.land/x/denoflate@1.2.1/pkg/denoflate.js": "b9f9ad9457d3f12f28b1fb35c555f57443427f74decb403113d67364e4f2caf4",
    "https://deno.land/x/denoflate@1.2.1/pkg/denoflate_bg.wasm.js": "d581956245407a2115a3d7e8d85a9641c032940a8e810acbd59ca86afd34d44d",
    "https://deno.land/x/esbuild@v0.25.5/mod.js": "57b9635116b05e6f214dea72d7f488c13808ee1b8055d96fa5da1c0dffe890cf"
  },
  "workspace": {
    "dependencies": [
      "jsr:@oazmi/esbuild-plugin-deno@~0.4.1",
      "jsr:@std/assert@^1.0.15",
      "jsr:@std/fs@^1.0.18",
      "jsr:@std/http@^1.0.19",
      "jsr:@std/path@^1.1.0",
      "jsr:@std/testing@^1.0.16",
      "jsr:@std/ulid@1",
      "npm:@nanostores/persistent@^1.3.4",
      "npm:@nanostores/preact@^1.1.0",
      "npm:@types/node@^26.0.1",
      "npm:@types/web-bluetooth@^0.0.21",
      "npm:nanostores@^1.3.0",
      "npm:preact@^10.29.2",
      "npm:workbox-core@^7.4.1",
      "npm:workbox-expiration@^7.4.1",
      "npm:workbox-routing@^7.4.1",
      "npm:workbox-strategies@^7.4.1",
      "npm:wouter-preact@^3.10.0"
    ]
  }
}
